
Microsoft Visual Studio Solution File, Format Version 12.00
# Visual Studio 2012
Project("{FAE04EC0-301F-11D3-BF4B-00C04F79EFBC}") = "Illallangi.StringExtensions", "Illallangi.StringExtensions\Illallangi.StringExtensions.csproj", "{1862ADA1-69D9-4A7D-80FA-A6A37E8551B6}"
EndProject
Project("{2150E333-8FDC-42A3-9474-1A3956D46DE8}") = ".nuget", ".nuget", "{80C3C565-94D7-4346-A8F4-426842A13378}"
	ProjectSection(SolutionItems) = preProject
		.nuget\NuGet.Config = .nuget\NuGet.Config
		.nuget\NuGet.exe = .nuget\NuGet.exe
		.nuget\NuGet.targets = .nuget\NuGet.targets
	EndProjectSection
EndProject
Project("{2150E333-8FDC-42A3-9474-1A3956D46DE8}") = "Solution Items", "Solution Items", "{8E6C0B29-E87E-4C13-91A9-C45173217E2F}"
	ProjectSection(SolutionItems) = preProject
		..\build.cmd = ..\build.cmd
		..\build.nuspec = ..\build.nuspec
		..\build.proj = ..\build.proj
	EndProjectSection
EndProject
Global
	GlobalSection(SolutionConfigurationPlatforms) = preSolution
		Debug|Any CPU = Debug|Any CPU
		Release|Any CPU = Release|Any CPU
	EndGlobalSection
	GlobalSection(ProjectConfigurationPlatforms) = postSolution
		{1862ADA1-69D9-4A7D-80FA-A6A37E8551B6}.Debug|Any CPU.ActiveCfg = Debug|Any CPU
		{1862ADA1-69D9-4A7D-80FA-A6A37E8551B6}.Debug|Any CPU.Build.0 = Debug|Any CPU
		{1862ADA1-69D9-4A7D-80FA-A6A37E8551B6}.Release|Any CPU.ActiveCfg = Release|Any CPU
		{1862ADA1-69D9-4A7D-80FA-A6A37E8551B6}.Release|Any CPU.Build.0 = Release|Any CPU
	EndGlobalSection
	GlobalSection(SolutionProperties) = preSolution
		HideSolutionNode = FALSE
	EndGlobalSection
EndGlobal
